
Microsoft Visual Studio Solution File, Format Version 12.00
# Visual Studio Version 17
VisualStudioVersion = 17.5.002.0
MinimumVisualStudioVersion = 10.0.40219.1
Project("{9A19103F-16F7-4668-BE54-9A1E7A4F7556}") = "SchoolManagement.Api", "SchoolManagement.Api.csproj", "{087C52F8-5E9E-4752-A45A-9E545F3BFC10}"
EndProject
Global
	GlobalSection(SolutionConfigurationPlatforms) = preSolution
		Debug|Any CPU = Debug|Any CPU
		Release|Any CPU = Release|Any CPU
	EndGlobalSection
	GlobalSection(ProjectConfigurationPlatforms) = postSolution
		{087C52F8-5E9E-4752-A45A-9E545F3BFC10}.Debug|Any CPU.ActiveCfg = Debug|Any CPU
		{087C52F8-5E9E-4752-A45A-9E545F3BFC10}.Debug|Any CPU.Build.0 = Debug|Any CPU
		{087C52F8-5E9E-4752-A45A-9E545F3BFC10}.Release|Any CPU.ActiveCfg = Release|Any CPU
		{087C52F8-5E9E-4752-A45A-9E545F3BFC10}.Release|Any CPU.Build.0 = Release|Any CPU
	EndGlobalSection
	GlobalSection(SolutionProperties) = preSolution
		HideSolutionNode = FALSE
	EndGlobalSection
	GlobalSection(ExtensibilityGlobals) = postSolution
		SolutionGuid = {D58A34B4-8E81-42F8-B45B-0C8F12163637}
	EndGlobalSection
EndGlobal
